{
  "name": "a",
  "version": "0.0.0",
  "lockfileVersion": 1,
  "requires": true,
  "dependencies": {
    "@types/node": {
      "version": "9.6.0",
      "resolved": "http://registry.npm.taobao.org/@types/node/download/@types/node-9.6.0.tgz",
      "integrity": "sha1-00gO5mbfl4SxABoYcqL2zO+2wtc=",
      "dev": true
    }
  }
}
